// !$*UTF8*$!
{
	archiveVersion = 1;
	classes = {
	};
	objectVersion = 56;
	objects = {

/* Begin PBXBuildFile section */
		06F3023B2FD00A1E004514B1 /* app.icon in Resources */ = {isa = PBXBuildFile; fileRef = 06F3023A2FD00A1E004514B1 /* app.icon */; };
		06F3023F2FD00CCA004514B1 /* AppLauncher.swift in Sources */ = {isa = PBXBuildFile; fileRef = 06F3023E2FD00CCA004514B1 /* AppLauncher.swift */; };
		468C7154EF2E403C89604DBF /* AppDelegate.swift in Sources */ = {isa = PBXBuildFile; fileRef = 3A1419A8F093462A8DC015DC /* AppDelegate.swift */; };
		A9B8C7D6E5F4A9B8C7D6E5F4 /* MenuBarView.swift in Sources */ = {isa = PBXBuildFile; fileRef = A9B8C7D6E5F4A9B8C7D6E5F5 /* MenuBarView.swift */; };
		BB87B3750B2A4F9DA221F17D /* main.swift in Sources */ = {isa = PBXBuildFile; fileRef = 89206EFC049F40B0809AFE0C /* main.swift */; };
		BDF90430629146118541C511 /* SettingsViewController.swift in Sources */ = {isa = PBXBuildFile; fileRef = 5A08D8FE5D0847D197D754B9 /* SettingsViewController.swift */; };
		F1A2B3C4D5E6F1A2B3C4D5E6 /* FocusManager.swift in Sources */ = {isa = PBXBuildFile; fileRef = F1A2B3C4D5E6F1A2B3C4D5F7 /* FocusManager.swift */; };
/* End PBXBuildFile section */

/* Begin PBXFileReference section */
		06F3023A2FD00A1E004514B1 /* app.icon */ = {isa = PBXFileReference; lastKnownFileType = folder.iconcomposer.icon; path = app.icon; sourceTree = "<group>"; };
		06F3023E2FD00CCA004514B1 /* AppLauncher.swift */ = {isa = PBXFileReference; lastKnownFileType = sourcecode.swift; path = AppLauncher.swift; sourceTree = "<group>"; };
		137D0973C19A4BE2AD7002B0 /* Info.plist */ = {isa = PBXFileReference; lastKnownFileType = text.plist.xml; path = Info.plist; sourceTree = "<group>"; };
		3A1419A8F093462A8DC015DC /* AppDelegate.swift */ = {isa = PBXFileReference; lastKnownFileType = sourcecode.swift; path = AppDelegate.swift; sourceTree = "<group>"; };
		5A08D8FE5D0847D197D754B9 /* SettingsViewController.swift */ = {isa = PBXFileReference; lastKnownFileType = sourcecode.swift; path = SettingsViewController.swift; sourceTree = "<group>"; };
		89206EFC049F40B0809AFE0C /* main.swift */ = {isa = PBXFileReference; lastKnownFileType = sourcecode.swift; path = main.swift; sourceTree = "<group>"; };
		A1B2C3D4E5F6A1B2C3D4E5F6 /* MenuBarTimer.entitlements */ = {isa = PBXFileReference; lastKnownFileType = text.plist.entitlements; path = MenuBarTimer.entitlements; sourceTree = "<group>"; };
		A9B8C7D6E5F4A9B8C7D6E5F5 /* MenuBarView.swift */ = {isa = PBXFileReference; lastKnownFileType = sourcecode.swift; path = MenuBarView.swift; sourceTree = "<group>"; };
		EEEC84E7784F475C915546AB /* MenuBarTimer.app */ = {isa = PBXFileReference; explicitFileType = wrapper.application; includeInIndex = 0; path = MenuBarTimer.app; sourceTree = BUILT_PRODUCTS_DIR; };
		F1A2B3C4D5E6F1A2B3C4D5F7 /* FocusManager.swift */ = {isa = PBXFileReference; lastKnownFileType = sourcecode.swift; path = FocusManager.swift; sourceTree = "<group>"; };
/* End PBXFileReference section */

/* Begin PBXFrameworksBuildPhase section */
		A023621025514B91B956C96D /* Frameworks */ = {
			isa = PBXFrameworksBuildPhase;
			buildActionMask = 2147483647;
			files = (
			);
			runOnlyForDeploymentPostprocessing = 0;
		};
/* End PBXFrameworksBuildPhase section */

/* Begin PBXGroup section */
		27F7B8B551424EF082E2BC7A = {
			isa = PBXGroup;
			children = (
				AD56947EA6934513A6B1E274 /* MenuBarTimer */,
				BDFEC67CC1354FF6A1394BBA /* Products */,
			);
			sourceTree = "<group>";
		};
		AD56947EA6934513A6B1E274 /* MenuBarTimer */ = {
			isa = PBXGroup;
			children = (
				89206EFC049F40B0809AFE0C /* main.swift */,
				3A1419A8F093462A8DC015DC /* AppDelegate.swift */,
				5A08D8FE5D0847D197D754B9 /* SettingsViewController.swift */,
				F1A2B3C4D5E6F1A2B3C4D5F7 /* FocusManager.swift */,
				A9B8C7D6E5F4A9B8C7D6E5F5 /* MenuBarView.swift */,
				06F3023E2FD00CCA004514B1 /* AppLauncher.swift */,
				137D0973C19A4BE2AD7002B0 /* Info.plist */,
				A1B2C3D4E5F6A1B2C3D4E5F6 /* MenuBarTimer.entitlements */,
				06F3023A2FD00A1E004514B1 /* app.icon */,
			);
			path = MenuBarTimer;
			sourceTree = "<group>";
		};
		BDFEC67CC1354FF6A1394BBA /* Products */ = {
			isa = PBXGroup;
			children = (
				EEEC84E7784F475C915546AB /* MenuBarTimer.app */,
			);
			name = Products;
			sourceTree = "<group>";
		};
/* End PBXGroup section */

/* Begin PBXNativeTarget section */
		60071960120B4F1DAA8F2155 /* MenuBarTimer */ = {
			isa = PBXNativeTarget;
			buildConfigurationList = 02E2A1101BB7482A8AE2F757 /* Build configuration list for PBXNativeTarget "MenuBarTimer" */;
			buildPhases = (
				C76BCA6E132B453A8F4A1EA4 /* Sources */,
				A023621025514B91B956C96D /* Frameworks */,
				DD9FE77D09E6476FBC7BDFC7 /* Resources */,
			);
			buildRules = (
			);
			dependencies = (
			);
			name = MenuBarTimer;
			productName = MenuBarTimer;
			productReference = EEEC84E7784F475C915546AB /* MenuBarTimer.app */;
			productType = "com.apple.product-type.application";
		};
/* End PBXNativeTarget section */

/* Begin PBXProject section */
		45A0242814EA455B8A58D82A /* Project object */ = {
			isa = PBXProject;
			attributes = {
				BuildIndependentTargetsInParallel = 1;
				LastSwiftUpdateCheck = 1500;
				LastUpgradeCheck = 1500;
				TargetAttributes = {
					60071960120B4F1DAA8F2155 = {
						CreatedOnToolsVersion = 15.0;
					};
				};
			};
			buildConfigurationList = 8017AF7233F14549A6201F87 /* Build configuration list for PBXProject "MenuBarTimer" */;
			compatibilityVersion = "Xcode 14.0";
			developmentRegion = en;
			hasScannedForEncodings = 0;
			knownRegions = (
				en,
				Base,
			);
			mainGroup = 27F7B8B551424EF082E2BC7A;
			productRefGroup = BDFEC67CC1354FF6A1394BBA /* Products */;
			projectDirPath = "";
			projectRoot = "";
			targets = (
				60071960120B4F1DAA8F2155 /* MenuBarTimer */,
			);
		};
/* End PBXProject section */

/* Begin PBXResourcesBuildPhase section */
		DD9FE77D09E6476FBC7BDFC7 /* Resources */ = {
			isa = PBXResourcesBuildPhase;
			buildActionMask = 2147483647;
			files = (
				06F3023B2FD00A1E004514B1 /* app.icon in Resources */,
			);
			runOnlyForDeploymentPostprocessing = 0;
		};
/* End PBXResourcesBuildPhase section */

/* Begin PBXSourcesBuildPhase section */
		C76BCA6E132B453A8F4A1EA4 /* Sources */ = {
			isa = PBXSourcesBuildPhase;
			buildActionMask = 2147483647;
			files = (
				BB87B3750B2A4F9DA221F17D /* main.swift in Sources */,
				468C7154EF2E403C89604DBF /* AppDelegate.swift in Sources */,
				BDF90430629146118541C511 /* SettingsViewController.swift in Sources */,
				F1A2B3C4D5E6F1A2B3C4D5E6 /* FocusManager.swift in Sources */,
				A9B8C7D6E5F4A9B8C7D6E5F4 /* MenuBarView.swift in Sources */,
				06F3023F2FD00CCA004514B1 /* AppLauncher.swift in Sources */,
			);
			runOnlyForDeploymentPostprocessing = 0;
		};
/* End PBXSourcesBuildPhase section */

/* Begin XCBuildConfiguration section */
		01594E2D20424B5094203CE7 /* Debug */ = {
			isa = XCBuildConfiguration;
			buildSettings = {
				ASSETCATALOG_COMPILER_APPICON_NAME = app;
				ASSETCATALOG_COMPILER_INCLUDE_ALL_APPICON_ASSETS = YES;
				CODE_SIGN_ENTITLEMENTS = MenuBarTimer/MenuBarTimer.entitlements;
				"CODE_SIGN_IDENTITY[sdk=macosx*]" = "-";
				CODE_SIGN_STYLE = Automatic;
				COMBINE_HIDPI_IMAGES = YES;
				DEAD_CODE_STRIPPING = YES;
				DEVELOPMENT_TEAM = "";
				ENABLE_HARDENED_RUNTIME = YES;
				INFOPLIST_FILE = MenuBarTimer/Info.plist;
				LD_RUNPATH_SEARCH_PATHS = (
					"$(inherited)",
					"@executable_path/../Frameworks",
				);
				MARKETING_VERSION = 1.0;
				PRODUCT_BUNDLE_IDENTIFIER = com.menubar.timer;
				PRODUCT_NAME = "$(TARGET_NAME)";
				SWIFT_EMIT_LOC_STRINGS = YES;
				SWIFT_VERSION = 5.0;
			};
			name = Debug;
		};
		058D5D277B0D4DF09B38AF5A /* Debug */ = {
			isa = XCBuildConfiguration;
			buildSettings = {
				ALWAYS_SEARCH_USER_PATHS = NO;
				ASSETCATALOG_COMPILER_GENERATE_SWIFT_ASSET_SYMBOL_EXTENSIONS = YES;
				CLANG_ANALYZER_NONNULL = YES;
				CLANG_ANALYZER_NUMBER_OBJECT_CONVERSION = YES_AGGRESSIVE;
				CLANG_CXX_LANGUAGE_STANDARD = "gnu++20";
				CLANG_ENABLE_MODULES = YES;
				CLANG_ENABLE_OBJC_ARC = YES;
				CLANG_ENABLE_OBJC_WEAK = YES;
				CLANG_WARN_BLOCK_CAPTURE_AUTORELEASING = YES;
				CLANG_WARN_BOOL_CONVERSION = YES;
				CLANG_WARN_COMMA = YES;
				CLANG_WARN_CONSTANT_CONVERSION = YES;
				CLANG_WARN_DEPRECATED_OBJC_IMPLEMENTATIONS = YES;
				CLANG_WARN_DIRECT_OBJC_ISA_USAGE = YES_ERROR;
				CLANG_WARN_DOCUMENTATION_COMMENTS = YES;
				CLANG_WARN_EMPTY_BODY = YES;
				CLANG_WARN_ENUM_CONVERSION = YES;
				CLANG_WARN_INFINITE_RECURSION = YES;
				CLANG_WARN_INT_CONVERSION = YES;
				CLANG_WARN_NON_LITERAL_NULL_CONVERSION = YES;
				CLANG_WARN_OBJC_IMPLICIT_RETAIN_SELF = YES;
				CLANG_WARN_OBJC_LITERAL_CONVERSION = YES;
				CLANG_WARN_OBJC_ROOT_CLASS = YES_ERROR;
				CLANG_WARN_QUOTED_INCLUDE_IN_FRAMEWORK_HEADER = YES;
				CLANG_WARN_RANGE_LOOP_ANALYSIS = YES;
				CLANG_WARN_STRICT_PROTOTYPES = YES;
				CLANG_WARN_SUSPICIOUS_MOVE = YES;
				CLANG_WARN_UNGUARDED_AVAILABILITY = YES_AGGRESSIVE;
				CLANG_WARN_UNREACHABLE_CODE = YES;
				CLANG_WARN__DUPLICATE_METHOD_MATCH = YES;
				COPY_PHASE_STRIP = NO;
				DEBUG_INFORMATION_FORMAT = dwarf;
				ENABLE_STRICT_OBJC_MSGSEND = YES;
				ENABLE_TESTABILITY = YES;
				ENABLE_USER_SCRIPT_SANDBOXING = YES;
				GCC_C_LANGUAGE_STANDARD = gnu17;
				GCC_DYNAMIC_NO_PIC = NO;
				GCC_NO_COMMON_BLOCKS = YES;
				GCC_OPTIMIZATION_LEVEL = 0;
				GCC_PREPROCESSOR_DEFINITIONS = (
					"DEBUG=1",
					"$(inherited)",
				);
				GCC_WARN_64_TO_32_BIT_CONVERSION = YES;
				GCC_WARN_ABOUT_RETURN_TYPE = YES_ERROR;
				GCC_WARN_UNDECLARED_SELECTOR = YES;
				GCC_WARN_UNINITIALIZED_AUTOS = YES_AGGRESSIVE;
				GCC_WARN_UNUSED_FUNCTION = YES;
				GCC_WARN_UNUSED_VARIABLE = YES;
				LOCALIZATION_PREFERS_STRING_CATALOGS = YES;
				MACOSX_DEPLOYMENT_TARGET = 12.0;
				MTL_ENABLE_DEBUG_INFO = INCLUDE_SOURCE;
				MTL_FAST_MATH = YES;
				ONLY_ACTIVE_ARCH = YES;
				SDKROOT = macosx;
				SWIFT_ACTIVE_COMPILATION_CONDITIONS = "DEBUG $(inherited)";
				SWIFT_OPTIMIZATION_LEVEL = "-Onone";
			};
			name = Debug;
		};
		124ED90E85D6444BA669C901 /* Release */ = {
			isa = XCBuildConfiguration;
			buildSettings = {
				ALWAYS_SEARCH_USER_PATHS = NO;
				ASSETCATALOG_COMPILER_GENERATE_SWIFT_ASSET_SYMBOL_EXTENSIONS = YES;
				CLANG_ANALYZER_NONNULL = YES;
				CLANG_ANALYZER_NUMBER_OBJECT_CONVERSION = YES_AGGRESSIVE;
				CLANG_CXX_LANGUAGE_STANDARD = "gnu++20";
				CLANG_ENABLE_MODULES = YES;
				CLANG_ENABLE_OBJC_ARC = YES;
				CLANG_ENABLE_OBJC_WEAK = YES;
				CLANG_WARN_BLOCK_CAPTURE_AUTORELEASING = YES;
				CLANG_WARN_BOOL_CONVERSION = YES;
				CLANG_WARN_COMMA = YES;
				CLANG_WARN_CONSTANT_CONVERSION = YES;
				CLANG_WARN_DEPRECATED_OBJC_IMPLEMENTATIONS = YES;
				CLANG_WARN_DIRECT_OBJC_ISA_USAGE = YES_ERROR;
				CLANG_WARN_DOCUMENTATION_COMMENTS = YES;
				CLANG_WARN_EMPTY_BODY = YES;
				CLANG_WARN_ENUM_CONVERSION = YES;
				CLANG_WARN_INFINITE_RECURSION = YES;
				CLANG_WARN_INT_CONVERSION = YES;
				CLANG_WARN_NON_LITERAL_NULL_CONVERSION = YES;
				CLANG_WARN_OBJC_IMPLICIT_RETAIN_SELF = YES;
				CLANG_WARN_OBJC_LITERAL_CONVERSION = YES;
				CLANG_WARN_OBJC_ROOT_CLASS = YES_ERROR;
				CLANG_WARN_QUOTED_INCLUDE_IN_FRAMEWORK_HEADER = YES;
				CLANG_WARN_RANGE_LOOP_ANALYSIS = YES;
				CLANG_WARN_STRICT_PROTOTYPES = YES;
				CLANG_WARN_SUSPICIOUS_MOVE = YES;
				CLANG_WARN_UNGUARDED_AVAILABILITY = YES_AGGRESSIVE;
				CLANG_WARN_UNREACHABLE_CODE = YES;
				CLANG_WARN__DUPLICATE_METHOD_MATCH = YES;
				COPY_PHASE_STRIP = NO;
				DEBUG_INFORMATION_FORMAT = "dwarf-with-dsym";
				ENABLE_NS_ASSERTIONS = NO;
				ENABLE_STRICT_OBJC_MSGSEND = YES;
				ENABLE_USER_SCRIPT_SANDBOXING = YES;
				GCC_C_LANGUAGE_STANDARD = gnu17;
				GCC_NO_COMMON_BLOCKS = YES;
				GCC_WARN_64_TO_32_BIT_CONVERSION = YES;
				GCC_WARN_ABOUT_RETURN_TYPE = YES_ERROR;
				GCC_WARN_UNDECLARED_SELECTOR = YES;
				GCC_WARN_UNINITIALIZED_AUTOS = YES_AGGRESSIVE;
				GCC_WARN_UNUSED_FUNCTION = YES;
				GCC_WARN_UNUSED_VARIABLE = YES;
				LOCALIZATION_PREFERS_STRING_CATALOGS = YES;
				MACOSX_DEPLOYMENT_TARGET = 12.0;
				MTL_FAST_MATH = YES;
				SDKROOT = macosx;
				SWIFT_COMPILATION_MODE = wholemodule;
			};
			name = Release;
		};
		56B3D68030C34050AC9EED74 /* Release */ = {
			isa = XCBuildConfiguration;
			buildSettings = {
				ASSETCATALOG_COMPILER_APPICON_NAME = app;
				ASSETCATALOG_COMPILER_INCLUDE_ALL_APPICON_ASSETS = YES;
				CODE_SIGN_ENTITLEMENTS = MenuBarTimer/MenuBarTimer.entitlements;
				"CODE_SIGN_IDENTITY[sdk=macosx*]" = "-";
				CODE_SIGN_STYLE = Automatic;
				COMBINE_HIDPI_IMAGES = YES;
				DEAD_CODE_STRIPPING = YES;
				DEVELOPMENT_TEAM = "";
				ENABLE_HARDENED_RUNTIME = YES;
				INFOPLIST_FILE = MenuBarTimer/Info.plist;
				LD_RUNPATH_SEARCH_PATHS = (
					"$(inherited)",
					"@executable_path/../Frameworks",
				);
				MARKETING_VERSION = 1.0;
				PRODUCT_BUNDLE_IDENTIFIER = com.menubar.timer;
				PRODUCT_NAME = "$(TARGET_NAME)";
				SWIFT_EMIT_LOC_STRINGS = YES;
				SWIFT_VERSION = 5.0;
			};
			name = Release;
		};
/* End XCBuildConfiguration section */

/* Begin XCConfigurationList section */
		02E2A1101BB7482A8AE2F757 /* Build configuration list for PBXNativeTarget "MenuBarTimer" */ = {
			isa = XCConfigurationList;
			buildConfigurations = (
				01594E2D20424B5094203CE7 /* Debug */,
				56B3D68030C34050AC9EED74 /* Release */,
			);
			defaultConfigurationIsVisible = 0;
			defaultConfigurationName = Release;
		};
		8017AF7233F14549A6201F87 /* Build configuration list for PBXProject "MenuBarTimer" */ = {
			isa = XCConfigurationList;
			buildConfigurations = (
				058D5D277B0D4DF09B38AF5A /* Debug */,
				124ED90E85D6444BA669C901 /* Release */,
			);
			defaultConfigurationIsVisible = 0;
			defaultConfigurationName = Release;
		};
/* End XCConfigurationList section */
	};
	rootObject = 45A0242814EA455B8A58D82A /* Project object */;
}
